// !$*UTF8*$!
{
	archiveVersion = 1;
	classes = {
	};
	objectVersion = 50;
	objects = {

/* Begin PBXBuildFile section */
		4E5578F421FF72A8007FF720 /* AppDelegate.swift in Sources */ = {isa = PBXBuildFile; fileRef = 4E5578F321FF72A8007FF720 /* AppDelegate.swift */; };
		4E5578F621FF72A8007FF720 /* GameController.swift in Sources */ = {isa = PBXBuildFile; fileRef = 4E5578F521FF72A8007FF720 /* GameController.swift */; };
		4E5578F921FF72A8007FF720 /* Main.storyboard in Resources */ = {isa = PBXBuildFile; fileRef = 4E5578F721FF72A8007FF720 /* Main.storyboard */; };
		4E5578FB21FF72AB007FF720 /* Assets.xcassets in Resources */ = {isa = PBXBuildFile; fileRef = 4E5578FA21FF72AB007FF720 /* Assets.xcassets */; };
		4E5578FE21FF72AB007FF720 /* LaunchScreen.storyboard in Resources */ = {isa = PBXBuildFile; fileRef = 4E5578FC21FF72AB007FF720 /* LaunchScreen.storyboard */; };
		4E6EAB542215A210004B7E3C /* WinController.swift in Sources */ = {isa = PBXBuildFile; fileRef = 4E6EAB532215A210004B7E3C /* WinController.swift */; };
		4E7FA7FE229DBD6700637094 /* WinService.swift in Sources */ = {isa = PBXBuildFile; fileRef = 4E7FA7FD229DBD6700637094 /* WinService.swift */; };
/* End PBXBuildFile section */

/* Begin PBXFileReference section */
		4E5578F021FF72A8007FF720 /* GameOfFifteen.app */ = {isa = PBXFileReference; explicitFileType = wrapper.application; includeInIndex = 0; path = GameOfFifteen.app; sourceTree = BUILT_PRODUCTS_DIR; };
		4E5578F321FF72A8007FF720 /* AppDelegate.swift */ = {isa = PBXFileReference; lastKnownFileType = sourcecode.swift; path = AppDelegate.swift; sourceTree = "<group>"; };
		4E5578F521FF72A8007FF720 /* GameController.swift */ = {isa = PBXFileReference; lastKnownFileType = sourcecode.swift; path = GameController.swift; sourceTree = "<group>"; };
		4E5578F821FF72A8007FF720 /* Base */ = {isa = PBXFileReference; lastKnownFileType = file.storyboard; name = Base; path = Base.lproj/Main.storyboard; sourceTree = "<group>"; };
		4E5578FA21FF72AB007FF720 /* Assets.xcassets */ = {isa = PBXFileReference; lastKnownFileType = folder.assetcatalog; path = Assets.xcassets; sourceTree = "<group>"; };
		4E5578FD21FF72AB007FF720 /* Base */ = {isa = PBXFileReference; lastKnownFileType = file.storyboard; name = Base; path = Base.lproj/LaunchScreen.storyboard; sourceTree = "<group>"; };
		4E5578FF21FF72AB007FF720 /* Info.plist */ = {isa = PBXFileReference; lastKnownFileType = text.plist.xml; path = Info.plist; sourceTree = "<group>"; };
		4E6EAB532215A210004B7E3C /* WinController.swift */ = {isa = PBXFileReference; lastKnownFileType = sourcecode.swift; path = WinController.swift; sourceTree = "<group>"; };
		4E7FA7FD229DBD6700637094 /* WinService.swift */ = {isa = PBXFileReference; lastKnownFileType = sourcecode.swift; path = WinService.swift; sourceTree = "<group>"; };
/* End PBXFileReference section */

/* Begin PBXFrameworksBuildPhase section */
		4E5578ED21FF72A8007FF720 /* Frameworks */ = {
			isa = PBXFrameworksBuildPhase;
			buildActionMask = 2147483647;
			files = (
			);
			runOnlyForDeploymentPostprocessing = 0;
		};
/* End PBXFrameworksBuildPhase section */

/* Begin PBXGroup section */
		4E10F557220DFBDF001CBFE8 /* Controllers */ = {
			isa = PBXGroup;
			children = (
				4E5578F521FF72A8007FF720 /* GameController.swift */,
				4E6EAB532215A210004B7E3C /* WinController.swift */,
			);
			path = Controllers;
			sourceTree = "<group>";
		};
		4E5578E721FF72A8007FF720 = {
			isa = PBXGroup;
			children = (
				4E5578F221FF72A8007FF720 /* GameOfFifteen */,
				4E5578F121FF72A8007FF720 /* Products */,
			);
			sourceTree = "<group>";
		};
		4E5578F121FF72A8007FF720 /* Products */ = {
			isa = PBXGroup;
			children = (
				4E5578F021FF72A8007FF720 /* GameOfFifteen.app */,
			);
			name = Products;
			sourceTree = "<group>";
		};
		4E5578F221FF72A8007FF720 /* GameOfFifteen */ = {
			isa = PBXGroup;
			children = (
				4E5578F321FF72A8007FF720 /* AppDelegate.swift */,
				4E10F557220DFBDF001CBFE8 /* Controllers */,
				4E7FA7F9228DB33600637094 /* Resources */,
				4E5578FF21FF72AB007FF720 /* Info.plist */,
			);
			path = GameOfFifteen;
			sourceTree = "<group>";
		};
		4E7FA7F9228DB33600637094 /* Resources */ = {
			isa = PBXGroup;
			children = (
				4E7FA7FC229DBD4200637094 /* Images */,
				4E7FA7FB229DBD2D00637094 /* WinService */,
				4E7FA7FA228DB34D00637094 /* UI */,
			);
			path = Resources;
			sourceTree = "<group>";
		};
		4E7FA7FA228DB34D00637094 /* UI */ = {
			isa = PBXGroup;
			children = (
				4E5578FC21FF72AB007FF720 /* LaunchScreen.storyboard */,
				4E5578F721FF72A8007FF720 /* Main.storyboard */,
			);
			path = UI;
			sourceTree = "<group>";
		};
		4E7FA7FB229DBD2D00637094 /* WinService */ = {
			isa = PBXGroup;
			children = (
				4E7FA7FD229DBD6700637094 /* WinService.swift */,
			);
			path = WinService;
			sourceTree = "<group>";
		};
		4E7FA7FC229DBD4200637094 /* Images */ = {
			isa = PBXGroup;
			children = (
				4E5578FA21FF72AB007FF720 /* Assets.xcassets */,
			);
			path = Images;
			sourceTree = "<group>";
		};
/* End PBXGroup section */

/* Begin PBXNativeTarget section */
		4E5578EF21FF72A8007FF720 /* GameOfFifteen */ = {
			isa = PBXNativeTarget;
			buildConfigurationList = 4E55790221FF72AB007FF720 /* Build configuration list for PBXNativeTarget "GameOfFifteen" */;
			buildPhases = (
				4E5578EC21FF72A8007FF720 /* Sources */,
				4E5578ED21FF72A8007FF720 /* Frameworks */,
				4E5578EE21FF72A8007FF720 /* Resources */,
			);
			buildRules = (
			);
			dependencies = (
			);
			name = GameOfFifteen;
			productName = GameOfFifteen;
			productReference = 4E5578F021FF72A8007FF720 /* GameOfFifteen.app */;
			productType = "com.apple.product-type.application";
		};
/* End PBXNativeTarget section */

/* Begin PBXProject section */
		4E5578E821FF72A8007FF720 /* Project object */ = {
			isa = PBXProject;
			attributes = {
				LastSwiftUpdateCheck = 1010;
				LastUpgradeCheck = 1010;
				ORGANIZATIONNAME = Oksana;
				TargetAttributes = {
					4E5578EF21FF72A8007FF720 = {
						CreatedOnToolsVersion = 10.1;
					};
				};
			};
			buildConfigurationList = 4E5578EB21FF72A8007FF720 /* Build configuration list for PBXProject "GameOfFifteen" */;
			compatibilityVersion = "Xcode 9.3";
			developmentRegion = en;
			hasScannedForEncodings = 0;
			knownRegions = (
				en,
				Base,
			);
			mainGroup = 4E5578E721FF72A8007FF720;
			productRefGroup = 4E5578F121FF72A8007FF720 /* Products */;
			projectDirPath = "";
			projectRoot = "";
			targets = (
				4E5578EF21FF72A8007FF720 /* GameOfFifteen */,
			);
		};
/* End PBXProject section */

/* Begin PBXResourcesBuildPhase section */
		4E5578EE21FF72A8007FF720 /* Resources */ = {
			isa = PBXResourcesBuildPhase;
			buildActionMask = 2147483647;
			files = (
				4E5578FE21FF72AB007FF720 /* LaunchScreen.storyboard in Resources */,
				4E5578FB21FF72AB007FF720 /* Assets.xcassets in Resources */,
				4E5578F921FF72A8007FF720 /* Main.storyboard in Resources */,
			);
			runOnlyForDeploymentPostprocessing = 0;
		};
/* End PBXResourcesBuildPhase section */

/* Begin PBXSourcesBuildPhase section */
		4E5578EC21FF72A8007FF720 /* Sources */ = {
			isa = PBXSourcesBuildPhase;
			buildActionMask = 2147483647;
			files = (
				4E5578F621FF72A8007FF720 /* GameController.swift in Sources */,
				4E5578F421FF72A8007FF720 /* AppDelegate.swift in Sources */,
				4E7FA7FE229DBD6700637094 /* WinService.swift in Sources */,
				4E6EAB542215A210004B7E3C /* WinController.swift in Sources */,
			);
			runOnlyForDeploymentPostprocessing = 0;
		};
/* End PBXSourcesBuildPhase section */

/* Begin PBXVariantGroup section */
		4E5578F721FF72A8007FF720 /* Main.storyboard */ = {
			isa = PBXVariantGroup;
			children = (
				4E5578F821FF72A8007FF720 /* Base */,
			);
			name = Main.storyboard;
			sourceTree = "<group>";
		};
		4E5578FC21FF72AB007FF720 /* LaunchScreen.storyboard */ = {
			isa = PBXVariantGroup;
			children = (
				4E5578FD21FF72AB007FF720 /* Base */,
			);
			name = LaunchScreen.storyboard;
			sourceTree = "<group>";
		};
/* End PBXVariantGroup section */

/* Begin XCBuildConfiguration section */
		4E55790021FF72AB007FF720 /* Debug */ = {
			isa = XCBuildConfiguration;
			buildSettings = {
				ALWAYS_SEARCH_USER_PATHS = NO;
				CLANG_ANALYZER_NONNULL = YES;
				CLANG_ANALYZER_NUMBER_OBJECT_CONVERSION = YES_AGGRESSIVE;
				CLANG_CXX_LANGUAGE_STANDARD = "gnu++14";
				CLANG_CXX_LIBRARY = "libc++";
				CLANG_ENABLE_MODULES = YES;
				CLANG_ENABLE_OBJC_ARC = YES;
				CLANG_ENABLE_OBJC_WEAK = YES;
				CLANG_WARN_BLOCK_CAPTURE_AUTORELEASING = YES;
				CLANG_WARN_BOOL_CONVERSION = YES;
				CLANG_WARN_COMMA = YES;
				CLANG_WARN_CONSTANT_CONVERSION = YES;
				CLANG_WARN_DEPRECATED_OBJC_IMPLEMENTATIONS = YES;
				CLANG_WARN_DIRECT_OBJC_ISA_USAGE = YES_ERROR;
				CLANG_WARN_DOCUMENTATION_COMMENTS = YES;
				CLANG_WARN_EMPTY_BODY = YES;
				CLANG_WARN_ENUM_CONVERSION = YES;
				CLANG_WARN_INFINITE_RECURSION = YES;
				CLANG_WARN_INT_CONVERSION = YES;
				CLANG_WARN_NON_LITERAL_NULL_CONVERSION = YES;
				CLANG_WARN_OBJC_IMPLICIT_RETAIN_SELF = YES;
				CLANG_WARN_OBJC_LITERAL_CONVERSION = YES;
				CLANG_WARN_OBJC_ROOT_CLASS = YES_ERROR;
				CLANG_WARN_RANGE_LOOP_ANALYSIS = YES;
				CLANG_WARN_STRICT_PROTOTYPES = YES;
				CLANG_WARN_SUSPICIOUS_MOVE = YES;
				CLANG_WARN_UNGUARDED_AVAILABILITY = YES_AGGRESSIVE;
				CLANG_WARN_UNREACHABLE_CODE = YES;
				CLANG_WARN__DUPLICATE_METHOD_MATCH = YES;
				CODE_SIGN_IDENTITY = "iPhone Developer";
				COPY_PHASE_STRIP = NO;
				DEBUG_INFORMATION_FORMAT = dwarf;
				ENABLE_STRICT_OBJC_MSGSEND = YES;
				ENABLE_TESTABILITY = YES;
				GCC_C_LANGUAGE_STANDARD = gnu11;
				GCC_DYNAMIC_NO_PIC = NO;
				GCC_NO_COMMON_BLOCKS = YES;
				GCC_OPTIMIZATION_LEVEL = 0;
				GCC_PREPROCESSOR_DEFINITIONS = (
					"DEBUG=1",
					"$(inherited)",
				);
				GCC_WARN_64_TO_32_BIT_CONVERSION = YES;
				GCC_WARN_ABOUT_RETURN_TYPE = YES_ERROR;
				GCC_WARN_UNDECLARED_SELECTOR = YES;
				GCC_WARN_UNINITIALIZED_AUTOS = YES_AGGRESSIVE;
				GCC_WARN_UNUSED_FUNCTION = YES;
				GCC_WARN_UNUSED_VARIABLE = YES;
				IPHONEOS_DEPLOYMENT_TARGET = 12.1;
				MTL_ENABLE_DEBUG_INFO = INCLUDE_SOURCE;
				MTL_FAST_MATH = YES;
				ONLY_ACTIVE_ARCH = YES;
				SDKROOT = iphoneos;
				SWIFT_ACTIVE_COMPILATION_CONDITIONS = DEBUG;
				SWIFT_OPTIMIZATION_LEVEL = "-Onone";
			};
			name = Debug;
		};
		4E55790121FF72AB007FF720 /* Release */ = {
			isa = XCBuildConfiguration;
			buildSettings = {
				ALWAYS_SEARCH_USER_PATHS = NO;
				CLANG_ANALYZER_NONNULL = YES;
				CLANG_ANALYZER_NUMBER_OBJECT_CONVERSION = YES_AGGRESSIVE;
				CLANG_CXX_LANGUAGE_STANDARD = "gnu++14";
				CLANG_CXX_LIBRARY = "libc++";
				CLANG_ENABLE_MODULES = YES;
				CLANG_ENABLE_OBJC_ARC = YES;
				CLANG_ENABLE_OBJC_WEAK = YES;
				CLANG_WARN_BLOCK_CAPTURE_AUTORELEASING = YES;
				CLANG_WARN_BOOL_CONVERSION = YES;
				CLANG_WARN_COMMA = YES;
				CLANG_WARN_CONSTANT_CONVERSION = YES;
				CLANG_WARN_DEPRECATED_OBJC_IMPLEMENTATIONS = YES;
				CLANG_WARN_DIRECT_OBJC_ISA_USAGE = YES_ERROR;
				CLANG_WARN_DOCUMENTATION_COMMENTS = YES;
				CLANG_WARN_EMPTY_BODY = YES;
				CLANG_WARN_ENUM_CONVERSION = YES;
				CLANG_WARN_INFINITE_RECURSION = YES;
				CLANG_WARN_INT_CONVERSION = YES;
				CLANG_WARN_NON_LITERAL_NULL_CONVERSION = YES;
				CLANG_WARN_OBJC_IMPLICIT_RETAIN_SELF = YES;
				CLANG_WARN_OBJC_LITERAL_CONVERSION = YES;
				CLANG_WARN_OBJC_ROOT_CLASS = YES_ERROR;
				CLANG_WARN_RANGE_LOOP_ANALYSIS = YES;
				CLANG_WARN_STRICT_PROTOTYPES = YES;
				CLANG_WARN_SUSPICIOUS_MOVE = YES;
				CLANG_WARN_UNGUARDED_AVAILABILITY = YES_AGGRESSIVE;
				CLANG_WARN_UNREACHABLE_CODE = YES;
				CLANG_WARN__DUPLICATE_METHOD_MATCH = YES;
				CODE_SIGN_IDENTITY = "iPhone Developer";
				COPY_PHASE_STRIP = NO;
				DEBUG_INFORMATION_FORMAT = "dwarf-with-dsym";
				ENABLE_NS_ASSERTIONS = NO;
				ENABLE_STRICT_OBJC_MSGSEND = YES;
				GCC_C_LANGUAGE_STANDARD = gnu11;
				GCC_NO_COMMON_BLOCKS = YES;
				GCC_WARN_64_TO_32_BIT_CONVERSION = YES;
				GCC_WARN_ABOUT_RETURN_TYPE = YES_ERROR;
				GCC_WARN_UNDECLARED_SELECTOR = YES;
				GCC_WARN_UNINITIALIZED_AUTOS = YES_AGGRESSIVE;
				GCC_WARN_UNUSED_FUNCTION = YES;
				GCC_WARN_UNUSED_VARIABLE = YES;
				IPHONEOS_DEPLOYMENT_TARGET = 12.1;
				MTL_ENABLE_DEBUG_INFO = NO;
				MTL_FAST_MATH = YES;
				SDKROOT = iphoneos;
				SWIFT_COMPILATION_MODE = wholemodule;
				SWIFT_OPTIMIZATION_LEVEL = "-O";
				VALIDATE_PRODUCT = YES;
			};
			name = Release;
		};
		4E55790321FF72AB007FF720 /* Debug */ = {
			isa = XCBuildConfiguration;
			buildSettings = {
				ASSETCATALOG_COMPILER_APPICON_NAME = AppIcon;
				CODE_SIGN_STYLE = Automatic;
				DEVELOPMENT_TEAM = 3U9WW7ACAY;
				INFOPLIST_FILE = GameOfFifteen/Info.plist;
				IPHONEOS_DEPLOYMENT_TARGET = 10.0;
				LD_RUNPATH_SEARCH_PATHS = (
					"$(inherited)",
					"@executable_path/Frameworks",
				);
				PRODUCT_BUNDLE_IDENTIFIER = CatsProject.GameOfFifteen;
				PRODUCT_NAME = "$(TARGET_NAME)";
				SWIFT_VERSION = 4.2;
				TARGETED_DEVICE_FAMILY = 1;
			};
			name = Debug;
		};
		4E55790421FF72AB007FF720 /* Release */ = {
			isa = XCBuildConfiguration;
			buildSettings = {
				ASSETCATALOG_COMPILER_APPICON_NAME = AppIcon;
				CODE_SIGN_STYLE = Automatic;
				DEVELOPMENT_TEAM = 3U9WW7ACAY;
				INFOPLIST_FILE = GameOfFifteen/Info.plist;
				IPHONEOS_DEPLOYMENT_TARGET = 10.0;
				LD_RUNPATH_SEARCH_PATHS = (
					"$(inherited)",
					"@executable_path/Frameworks",
				);
				PRODUCT_BUNDLE_IDENTIFIER = CatsProject.GameOfFifteen;
				PRODUCT_NAME = "$(TARGET_NAME)";
				SWIFT_VERSION = 4.2;
				TARGETED_DEVICE_FAMILY = 1;
			};
			name = Release;
		};
/* End XCBuildConfiguration section */

/* Begin XCConfigurationList section */
		4E5578EB21FF72A8007FF720 /* Build configuration list for PBXProject "GameOfFifteen" */ = {
			isa = XCConfigurationList;
			buildConfigurations = (
				4E55790021FF72AB007FF720 /* Debug */,
				4E55790121FF72AB007FF720 /* Release */,
			);
			defaultConfigurationIsVisible = 0;
			defaultConfigurationName = Release;
		};
		4E55790221FF72AB007FF720 /* Build configuration list for PBXNativeTarget "GameOfFifteen" */ = {
			isa = XCConfigurationList;
			buildConfigurations = (
				4E55790321FF72AB007FF720 /* Debug */,
				4E55790421FF72AB007FF720 /* Release */,
			);
			defaultConfigurationIsVisible = 0;
			defaultConfigurationName = Release;
		};
/* End XCConfigurationList section */
	};
	rootObject = 4E5578E821FF72A8007FF720 /* Project object */;
}
